
Microsoft Visual Studio Solution File, Format Version 12.00
# Visual Studio Version 17
VisualStudioVersion = 17.5.33424.131
MinimumVisualStudioVersion = 10.0.40219.1
Project("{FAE04EC0-301F-11D3-BF4B-00C04F79EFBC}") = "SlamReborn", "SlamReborn\SlamReborn.csproj", "{39A63C64-02D2-446F-AA5A-E7B4148BFFD6}"
EndProject
Global
	GlobalSection(SolutionConfigurationPlatforms) = preSolution
		Debug|Any CPU = Debug|Any CPU
		Release|Any CPU = Release|Any CPU
	EndGlobalSection
	GlobalSection(ProjectConfigurationPlatforms) = postSolution
		{39A63C64-02D2-446F-AA5A-E7B4148BFFD6}.Debug|Any CPU.ActiveCfg = Debug|Any CPU
		{39A63C64-02D2-446F-AA5A-E7B4148BFFD6}.Debug|Any CPU.Build.0 = Debug|Any CPU
		{39A63C64-02D2-446F-AA5A-E7B4148BFFD6}.Release|Any CPU.ActiveCfg = Release|Any CPU
		{39A63C64-02D2-446F-AA5A-E7B4148BFFD6}.Release|Any CPU.Build.0 = Release|Any CPU
	EndGlobalSection
	GlobalSection(SolutionProperties) = preSolution
		HideSolutionNode = FALSE
	EndGlobalSection
	GlobalSection(ExtensibilityGlobals) = postSolution
		SolutionGuid = {B5BD0C60-392D-42EE-9323-971DC1AB790D}
	EndGlobalSection
EndGlobal
